
Microsoft Visual Studio Solution File, Format Version 12.00
# Visual Studio Version 17
VisualStudioVersion = 17.4.33213.308
MinimumVisualStudioVersion = 10.0.40219.1
Project("{9A19103F-16F7-4668-BE54-9A1E7A4F7556}") = "API", "API\API.csproj", "{2A171A84-D0D4-4452-B497-C3766B5489C1}"
EndProject
Project("{9A19103F-16F7-4668-BE54-9A1E7A4F7556}") = "Data", "Data\Data.csproj", "{AFD426C4-AC46-4E53-A4F8-BF1ECFA6245D}"
EndProject
Project("{54A90642-561A-4BB1-A94E-469ADEE60C69}") = "ClientApp", "ClientApp\ClientApp.esproj", "{B02A5E40-834F-4382-BEA1-525F834A5EDF}"
EndProject
Global
	GlobalSection(SolutionConfigurationPlatforms) = preSolution
		Debug|Any CPU = Debug|Any CPU
		Release|Any CPU = Release|Any CPU
	EndGlobalSection
	GlobalSection(ProjectConfigurationPlatforms) = postSolution
		{2A171A84-D0D4-4452-B497-C3766B5489C1}.Debug|Any CPU.ActiveCfg = Debug|Any CPU
		{2A171A84-D0D4-4452-B497-C3766B5489C1}.Debug|Any CPU.Build.0 = Debug|Any CPU
		{2A171A84-D0D4-4452-B497-C3766B5489C1}.Release|Any CPU.ActiveCfg = Release|Any CPU
		{2A171A84-D0D4-4452-B497-C3766B5489C1}.Release|Any CPU.Build.0 = Release|Any CPU
		{AFD426C4-AC46-4E53-A4F8-BF1ECFA6245D}.Debug|Any CPU.ActiveCfg = Debug|Any CPU
		{AFD426C4-AC46-4E53-A4F8-BF1ECFA6245D}.Debug|Any CPU.Build.0 = Debug|Any CPU
		{AFD426C4-AC46-4E53-A4F8-BF1ECFA6245D}.Release|Any CPU.ActiveCfg = Release|Any CPU
		{AFD426C4-AC46-4E53-A4F8-BF1ECFA6245D}.Release|Any CPU.Build.0 = Release|Any CPU
		{B02A5E40-834F-4382-BEA1-525F834A5EDF}.Debug|Any CPU.ActiveCfg = Debug|Any CPU
		{B02A5E40-834F-4382-BEA1-525F834A5EDF}.Debug|Any CPU.Build.0 = Debug|Any CPU
		{B02A5E40-834F-4382-BEA1-525F834A5EDF}.Debug|Any CPU.Deploy.0 = Debug|Any CPU
		{B02A5E40-834F-4382-BEA1-525F834A5EDF}.Release|Any CPU.ActiveCfg = Release|Any CPU
		{B02A5E40-834F-4382-BEA1-525F834A5EDF}.Release|Any CPU.Build.0 = Release|Any CPU
		{B02A5E40-834F-4382-BEA1-525F834A5EDF}.Release|Any CPU.Deploy.0 = Release|Any CPU
	EndGlobalSection
	GlobalSection(SolutionProperties) = preSolution
		HideSolutionNode = FALSE
	EndGlobalSection
	GlobalSection(ExtensibilityGlobals) = postSolution
		SolutionGuid = {BE6E2382-2D22-4287-A16E-0BD4A8E37D7C}
	EndGlobalSection
EndGlobal
